// !$*UTF8*$!
{
	archiveVersion = 1;
	classes = {
	};
	objectVersion = 46;
	objects = {

/* Begin PBXBuildFile section */
		35471C591A92CC39003A738B /* PDFCollectionViewController.m in Sources */ = {isa = PBXBuildFile; fileRef = 35471C571A92CC39003A738B /* PDFCollectionViewController.m */; };
		35471C5A1A92CC39003A738B /* PDFCollectionViewController.xib in Resources */ = {isa = PBXBuildFile; fileRef = 35471C581A92CC39003A738B /* PDFCollectionViewController.xib */; };
		35471C601A92D38F003A738B /* ic_drawer_creation_notask.png in Resources */ = {isa = PBXBuildFile; fileRef = 35471C5E1A92D38F003A738B /* ic_drawer_creation_notask.png */; };
		35471C611A92D38F003A738B /* ic_drawer_creation_notask@2x.png in Resources */ = {isa = PBXBuildFile; fileRef = 35471C5F1A92D38F003A738B /* ic_drawer_creation_notask@2x.png */; };
		35471C651A92D3E3003A738B /* PDFFacilityCollectionViewCell.m in Sources */ = {isa = PBXBuildFile; fileRef = 35471C631A92D3E3003A738B /* PDFFacilityCollectionViewCell.m */; };
		35471C661A92D3E3003A738B /* PDFFacilityCollectionViewCell.xib in Resources */ = {isa = PBXBuildFile; fileRef = 35471C641A92D3E3003A738B /* PDFFacilityCollectionViewCell.xib */; };
		35471C6A1A92FDBB003A738B /* CatalogueNodeCell.m in Sources */ = {isa = PBXBuildFile; fileRef = 35471C681A92FDBB003A738B /* CatalogueNodeCell.m */; };
		35471C6B1A92FDBB003A738B /* CatalogueNodeCell.xib in Resources */ = {isa = PBXBuildFile; fileRef = 35471C691A92FDBB003A738B /* CatalogueNodeCell.xib */; };
		35471C6F1A933E95003A738B /* CatalogueTableViewController.m in Sources */ = {isa = PBXBuildFile; fileRef = 35471C6D1A933E95003A738B /* CatalogueTableViewController.m */; };
		35471C701A933E95003A738B /* CatalogueTableViewController.xib in Resources */ = {isa = PBXBuildFile; fileRef = 35471C6E1A933E95003A738B /* CatalogueTableViewController.xib */; };
		35471C741A935DE5003A738B /* PDFBrowserViewController.m in Sources */ = {isa = PBXBuildFile; fileRef = 35471C721A935DE5003A738B /* PDFBrowserViewController.m */; };
		355CCBA41A763910001186ED /* main.m in Sources */ = {isa = PBXBuildFile; fileRef = 355CCBA31A763910001186ED /* main.m */; };
		355CCBA71A763910001186ED /* AppDelegate.m in Sources */ = {isa = PBXBuildFile; fileRef = 355CCBA61A763910001186ED /* AppDelegate.m */; };
		355CCBAA1A763910001186ED /* ViewController.m in Sources */ = {isa = PBXBuildFile; fileRef = 355CCBA91A763910001186ED /* ViewController.m */; };
		355CCBAD1A763910001186ED /* Main.storyboard in Resources */ = {isa = PBXBuildFile; fileRef = 355CCBAB1A763910001186ED /* Main.storyboard */; };
		355CCBAF1A763910001186ED /* Images.xcassets in Resources */ = {isa = PBXBuildFile; fileRef = 355CCBAE1A763910001186ED /* Images.xcassets */; };
		355CCBB21A763910001186ED /* LaunchScreen.xib in Resources */ = {isa = PBXBuildFile; fileRef = 355CCBB01A763910001186ED /* LaunchScreen.xib */; };
		355CCBBE1A763910001186ED /* LxPDFParserTests.m in Sources */ = {isa = PBXBuildFile; fileRef = 355CCBBD1A763910001186ED /* LxPDFParserTests.m */; };
		355CCBCC1A7639BD001186ED /* PDFNodeDisplayCell.m in Sources */ = {isa = PBXBuildFile; fileRef = 355CCBCA1A7639BD001186ED /* PDFNodeDisplayCell.m */; };
		355CCBCD1A7639BD001186ED /* PDFTableViewController.m in Sources */ = {isa = PBXBuildFile; fileRef = 355CCBCB1A7639BD001186ED /* PDFTableViewController.m */; };
		357E0BBB1A7BBD3B0005B4C2 /* drawingwithquartz2d.pdf in Resources */ = {isa = PBXBuildFile; fileRef = 357E0BBA1A7BBD3B0005B4C2 /* drawingwithquartz2d.pdf */; };
		35C2E3171A7665A9007C1C1A /* LxPDFParser.m in Sources */ = {isa = PBXBuildFile; fileRef = 35C2E3161A7665A9007C1C1A /* LxPDFParser.m */; };
/* End PBXBuildFile section */

/* Begin PBXContainerItemProxy section */
		355CCBB81A763910001186ED /* PBXContainerItemProxy */ = {
			isa = PBXContainerItemProxy;
			containerPortal = 355CCB961A763910001186ED /* Project object */;
			proxyType = 1;
			remoteGlobalIDString = 355CCB9D1A763910001186ED;
			remoteInfo = LxPDFParser;
		};
/* End PBXContainerItemProxy section */

/* Begin PBXFileReference section */
		35471C561A92CC39003A738B /* PDFCollectionViewController.h */ = {isa = PBXFileReference; fileEncoding = 4; lastKnownFileType = sourcecode.c.h; path = PDFCollectionViewController.h; sourceTree = "<group>"; };
		35471C571A92CC39003A738B /* PDFCollectionViewController.m */ = {isa = PBXFileReference; fileEncoding = 4; lastKnownFileType = sourcecode.c.objc; path = PDFCollectionViewController.m; sourceTree = "<group>"; };
		35471C581A92CC39003A738B /* PDFCollectionViewController.xib */ = {isa = PBXFileReference; fileEncoding = 4; lastKnownFileType = file.xib; path = PDFCollectionViewController.xib; sourceTree = "<group>"; };
		35471C5E1A92D38F003A738B /* ic_drawer_creation_notask.png */ = {isa = PBXFileReference; lastKnownFileType = image.png; path = ic_drawer_creation_notask.png; sourceTree = "<group>"; };
		35471C5F1A92D38F003A738B /* ic_drawer_creation_notask@2x.png */ = {isa = PBXFileReference; lastKnownFileType = image.png; path = "ic_drawer_creation_notask@2x.png"; sourceTree = "<group>"; };
		35471C621A92D3E3003A738B /* PDFFacilityCollectionViewCell.h */ = {isa = PBXFileReference; fileEncoding = 4; lastKnownFileType = sourcecode.c.h; path = PDFFacilityCollectionViewCell.h; sourceTree = "<group>"; };
		35471C631A92D3E3003A738B /* PDFFacilityCollectionViewCell.m */ = {isa = PBXFileReference; fileEncoding = 4; lastKnownFileType = sourcecode.c.objc; path = PDFFacilityCollectionViewCell.m; sourceTree = "<group>"; };
		35471C641A92D3E3003A738B /* PDFFacilityCollectionViewCell.xib */ = {isa = PBXFileReference; fileEncoding = 4; lastKnownFileType = file.xib; path = PDFFacilityCollectionViewCell.xib; sourceTree = "<group>"; };
		35471C671A92FDBB003A738B /* CatalogueNodeCell.h */ = {isa = PBXFileReference; fileEncoding = 4; lastKnownFileType = sourcecode.c.h; path = CatalogueNodeCell.h; sourceTree = "<group>"; };
		35471C681A92FDBB003A738B /* CatalogueNodeCell.m */ = {isa = PBXFileReference; fileEncoding = 4; lastKnownFileType = sourcecode.c.objc; path = CatalogueNodeCell.m; sourceTree = "<group>"; };
		35471C691A92FDBB003A738B /* CatalogueNodeCell.xib */ = {isa = PBXFileReference; fileEncoding = 4; lastKnownFileType = file.xib; path = CatalogueNodeCell.xib; sourceTree = "<group>"; };
		35471C6C1A933E95003A738B /* CatalogueTableViewController.h */ = {isa = PBXFileReference; fileEncoding = 4; lastKnownFileType = sourcecode.c.h; path = CatalogueTableViewController.h; sourceTree = "<group>"; };
		35471C6D1A933E95003A738B /* CatalogueTableViewController.m */ = {isa = PBXFileReference; fileEncoding = 4; lastKnownFileType = sourcecode.c.objc; path = CatalogueTableViewController.m; sourceTree = "<group>"; };
		35471C6E1A933E95003A738B /* CatalogueTableViewController.xib */ = {isa = PBXFileReference; fileEncoding = 4; lastKnownFileType = file.xib; path = CatalogueTableViewController.xib; sourceTree = "<group>"; };
		35471C711A935DE5003A738B /* PDFBrowserViewController.h */ = {isa = PBXFileReference; fileEncoding = 4; lastKnownFileType = sourcecode.c.h; path = PDFBrowserViewController.h; sourceTree = "<group>"; };
		35471C721A935DE5003A738B /* PDFBrowserViewController.m */ = {isa = PBXFileReference; fileEncoding = 4; lastKnownFileType = sourcecode.c.objc; path = PDFBrowserViewController.m; sourceTree = "<group>"; };
		355CCB9E1A763910001186ED /* LxPDFParser.app */ = {isa = PBXFileReference; explicitFileType = wrapper.application; includeInIndex = 0; path = LxPDFParser.app; sourceTree = BUILT_PRODUCTS_DIR; };
		355CCBA21A763910001186ED /* Info.plist */ = {isa = PBXFileReference; lastKnownFileType = text.plist.xml; path = Info.plist; sourceTree = "<group>"; };
		355CCBA31A763910001186ED /* main.m */ = {isa = PBXFileReference; lastKnownFileType = sourcecode.c.objc; path = main.m; sourceTree = "<group>"; };
		355CCBA51A763910001186ED /* AppDelegate.h */ = {isa = PBXFileReference; lastKnownFileType = sourcecode.c.h; path = AppDelegate.h; sourceTree = "<group>"; };
		355CCBA61A763910001186ED /* AppDelegate.m */ = {isa = PBXFileReference; lastKnownFileType = sourcecode.c.objc; path = AppDelegate.m; sourceTree = "<group>"; };
		355CCBA81A763910001186ED /* ViewController.h */ = {isa = PBXFileReference; lastKnownFileType = sourcecode.c.h; path = ViewController.h; sourceTree = "<group>"; };
		355CCBA91A763910001186ED /* ViewController.m */ = {isa = PBXFileReference; lastKnownFileType = sourcecode.c.objc; path = ViewController.m; sourceTree = "<group>"; };
		355CCBAC1A763910001186ED /* Base */ = {isa = PBXFileReference; lastKnownFileType = file.storyboard; name = Base; path = Base.lproj/Main.storyboard; sourceTree = "<group>"; };
		355CCBAE1A763910001186ED /* Images.xcassets */ = {isa = PBXFileReference; lastKnownFileType = folder.assetcatalog; path = Images.xcassets; sourceTree = "<group>"; };
		355CCBB11A763910001186ED /* Base */ = {isa = PBXFileReference; lastKnownFileType = file.xib; name = Base; path = Base.lproj/LaunchScreen.xib; sourceTree = "<group>"; };
		355CCBB71A763910001186ED /* LxPDFParserTests.xctest */ = {isa = PBXFileReference; explicitFileType = wrapper.cfbundle; includeInIndex = 0; path = LxPDFParserTests.xctest; sourceTree = BUILT_PRODUCTS_DIR; };
		355CCBBC1A763910001186ED /* Info.plist */ = {isa = PBXFileReference; lastKnownFileType = text.plist.xml; path = Info.plist; sourceTree = "<group>"; };
		355CCBBD1A763910001186ED /* LxPDFParserTests.m */ = {isa = PBXFileReference; lastKnownFileType = sourcecode.c.objc; path = LxPDFParserTests.m; sourceTree = "<group>"; };
		355CCBC81A7639BD001186ED /* PDFNodeDisplayCell.h */ = {isa = PBXFileReference; fileEncoding = 4; lastKnownFileType = sourcecode.c.h; path = PDFNodeDisplayCell.h; sourceTree = "<group>"; };
		355CCBC91A7639BD001186ED /* PDFTableViewController.h */ = {isa = PBXFileReference; fileEncoding = 4; lastKnownFileType = sourcecode.c.h; path = PDFTableViewController.h; sourceTree = "<group>"; };
		355CCBCA1A7639BD001186ED /* PDFNodeDisplayCell.m */ = {isa = PBXFileReference; fileEncoding = 4; lastKnownFileType = sourcecode.c.objc; path = PDFNodeDisplayCell.m; sourceTree = "<group>"; };
		355CCBCB1A7639BD001186ED /* PDFTableViewController.m */ = {isa = PBXFileReference; fileEncoding = 4; lastKnownFileType = sourcecode.c.objc; path = PDFTableViewController.m; sourceTree = "<group>"; };
		357E0BBA1A7BBD3B0005B4C2 /* drawingwithquartz2d.pdf */ = {isa = PBXFileReference; lastKnownFileType = image.pdf; path = drawingwithquartz2d.pdf; sourceTree = SOURCE_ROOT; };
		35C2E3151A7665A9007C1C1A /* LxPDFParser.h */ = {isa = PBXFileReference; fileEncoding = 4; lastKnownFileType = sourcecode.c.h; path = LxPDFParser.h; sourceTree = "<group>"; };
		35C2E3161A7665A9007C1C1A /* LxPDFParser.m */ = {isa = PBXFileReference; fileEncoding = 4; lastKnownFileType = sourcecode.c.objc; path = LxPDFParser.m; sourceTree = "<group>"; };
/* End PBXFileReference section */

/* Begin PBXFrameworksBuildPhase section */
		355CCB9B1A763910001186ED /* Frameworks */ = {
			isa = PBXFrameworksBuildPhase;
			buildActionMask = 2147483647;
			files = (
			);
			runOnlyForDeploymentPostprocessing = 0;
		};
		355CCBB41A763910001186ED /* Frameworks */ = {
			isa = PBXFrameworksBuildPhase;
			buildActionMask = 2147483647;
			files = (
			);
			runOnlyForDeploymentPostprocessing = 0;
		};
/* End PBXFrameworksBuildPhase section */

/* Begin PBXGroup section */
		3520055B1A9E219000B0950B /* Browser */ = {
			isa = PBXGroup;
			children = (
				35471C711A935DE5003A738B /* PDFBrowserViewController.h */,
				35471C721A935DE5003A738B /* PDFBrowserViewController.m */,
			);
			name = Browser;
			sourceTree = "<group>";
		};
		3520055C1A9E23E100B0950B /* File structure */ = {
			isa = PBXGroup;
			children = (
				355CCBC91A7639BD001186ED /* PDFTableViewController.h */,
				355CCBCB1A7639BD001186ED /* PDFTableViewController.m */,
				355CCBC81A7639BD001186ED /* PDFNodeDisplayCell.h */,
				355CCBCA1A7639BD001186ED /* PDFNodeDisplayCell.m */,
			);
			name = "File structure";
			sourceTree = "<group>";
		};
		35471C5D1A92D1C7003A738B /* CollectionView */ = {
			isa = PBXGroup;
			children = (
				35471C561A92CC39003A738B /* PDFCollectionViewController.h */,
				35471C571A92CC39003A738B /* PDFCollectionViewController.m */,
				35471C581A92CC39003A738B /* PDFCollectionViewController.xib */,
				35471C621A92D3E3003A738B /* PDFFacilityCollectionViewCell.h */,
				35471C631A92D3E3003A738B /* PDFFacilityCollectionViewCell.m */,
				35471C641A92D3E3003A738B /* PDFFacilityCollectionViewCell.xib */,
			);
			name = CollectionView;
			sourceTree = "<group>";
		};
		355CCB951A763910001186ED = {
			isa = PBXGroup;
			children = (
				355CCBA01A763910001186ED /* LxPDFParser */,
				355CCBBA1A763910001186ED /* LxPDFParserTests */,
				355CCB9F1A763910001186ED /* Products */,
			);
			sourceTree = "<group>";
		};
		355CCB9F1A763910001186ED /* Products */ = {
			isa = PBXGroup;
			children = (
				355CCB9E1A763910001186ED /* LxPDFParser.app */,
				355CCBB71A763910001186ED /* LxPDFParserTests.xctest */,
			);
			name = Products;
			sourceTree = "<group>";
		};
		355CCBA01A763910001186ED /* LxPDFParser */ = {
			isa = PBXGroup;
			children = (
				35C2E3141A7665A9007C1C1A /* LxPDFParser */,
				355CCBA51A763910001186ED /* AppDelegate.h */,
				355CCBA61A763910001186ED /* AppDelegate.m */,
				355CCBA81A763910001186ED /* ViewController.h */,
				355CCBA91A763910001186ED /* ViewController.m */,
				35471C5E1A92D38F003A738B /* ic_drawer_creation_notask.png */,
				35471C5F1A92D38F003A738B /* ic_drawer_creation_notask@2x.png */,
				357E0BBA1A7BBD3B0005B4C2 /* drawingwithquartz2d.pdf */,
				355CCBAB1A763910001186ED /* Main.storyboard */,
				355CCBB01A763910001186ED /* LaunchScreen.xib */,
				355CCBAE1A763910001186ED /* Images.xcassets */,
				35471C5D1A92D1C7003A738B /* CollectionView */,
				3520055B1A9E219000B0950B /* Browser */,
				355CCBC71A763959001186ED /* Catalogue */,
				3520055C1A9E23E100B0950B /* File structure */,
				355CCBA11A763910001186ED /* Supporting Files */,
			);
			path = LxPDFParser;
			sourceTree = "<group>";
		};
		355CCBA11A763910001186ED /* Supporting Files */ = {
			isa = PBXGroup;
			children = (
				355CCBA21A763910001186ED /* Info.plist */,
				355CCBA31A763910001186ED /* main.m */,
			);
			name = "Supporting Files";
			sourceTree = "<group>";
		};
		355CCBBA1A763910001186ED /* LxPDFParserTests */ = {
			isa = PBXGroup;
			children = (
				355CCBBD1A763910001186ED /* LxPDFParserTests.m */,
				355CCBBB1A763910001186ED /* Supporting Files */,
			);
			path = LxPDFParserTests;
			sourceTree = "<group>";
		};
		355CCBBB1A763910001186ED /* Supporting Files */ = {
			isa = PBXGroup;
			children = (
				355CCBBC1A763910001186ED /* Info.plist */,
			);
			name = "Supporting Files";
			sourceTree = "<group>";
		};
		355CCBC71A763959001186ED /* Catalogue */ = {
			isa = PBXGroup;
			children = (
				35471C6C1A933E95003A738B /* CatalogueTableViewController.h */,
				35471C6D1A933E95003A738B /* CatalogueTableViewController.m */,
				35471C6E1A933E95003A738B /* CatalogueTableViewController.xib */,
				35471C671A92FDBB003A738B /* CatalogueNodeCell.h */,
				35471C681A92FDBB003A738B /* CatalogueNodeCell.m */,
				35471C691A92FDBB003A738B /* CatalogueNodeCell.xib */,
			);
			name = Catalogue;
			sourceTree = "<group>";
		};
		35C2E3141A7665A9007C1C1A /* LxPDFParser */ = {
			isa = PBXGroup;
			children = (
				35C2E3151A7665A9007C1C1A /* LxPDFParser.h */,
				35C2E3161A7665A9007C1C1A /* LxPDFParser.m */,
			);
			name = LxPDFParser;
			path = ../../LxPDFParser;
			sourceTree = "<group>";
		};
/* End PBXGroup section */

/* Begin PBXNativeTarget section */
		355CCB9D1A763910001186ED /* LxPDFParser */ = {
			isa = PBXNativeTarget;
			buildConfigurationList = 355CCBC11A763910001186ED /* Build configuration list for PBXNativeTarget "LxPDFParser" */;
			buildPhases = (
				355CCB9A1A763910001186ED /* Sources */,
				355CCB9B1A763910001186ED /* Frameworks */,
				355CCB9C1A763910001186ED /* Resources */,
			);
			buildRules = (
			);
			dependencies = (
			);
			name = LxPDFParser;
			productName = LxPDFParser;
			productReference = 355CCB9E1A763910001186ED /* LxPDFParser.app */;
			productType = "com.apple.product-type.application";
		};
		355CCBB61A763910001186ED /* LxPDFParserTests */ = {
			isa = PBXNativeTarget;
			buildConfigurationList = 355CCBC41A763910001186ED /* Build configuration list for PBXNativeTarget "LxPDFParserTests" */;
			buildPhases = (
				355CCBB31A763910001186ED /* Sources */,
				355CCBB41A763910001186ED /* Frameworks */,
				355CCBB51A763910001186ED /* Resources */,
			);
			buildRules = (
			);
			dependencies = (
				355CCBB91A763910001186ED /* PBXTargetDependency */,
			);
			name = LxPDFParserTests;
			productName = LxPDFParserTests;
			productReference = 355CCBB71A763910001186ED /* LxPDFParserTests.xctest */;
			productType = "com.apple.product-type.bundle.unit-test";
		};
/* End PBXNativeTarget section */

/* Begin PBXProject section */
		355CCB961A763910001186ED /* Project object */ = {
			isa = PBXProject;
			attributes = {
				LastUpgradeCheck = 0610;
				ORGANIZATIONNAME = "Gener-health-li.x";
				TargetAttributes = {
					355CCB9D1A763910001186ED = {
						CreatedOnToolsVersion = 6.1.1;
					};
					355CCBB61A763910001186ED = {
						CreatedOnToolsVersion = 6.1.1;
						TestTargetID = 355CCB9D1A763910001186ED;
					};
				};
			};
			buildConfigurationList = 355CCB991A763910001186ED /* Build configuration list for PBXProject "LxPDFParser" */;
			compatibilityVersion = "Xcode 3.2";
			developmentRegion = English;
			hasScannedForEncodings = 0;
			knownRegions = (
				en,
				Base,
			);
			mainGroup = 355CCB951A763910001186ED;
			productRefGroup = 355CCB9F1A763910001186ED /* Products */;
			projectDirPath = "";
			projectRoot = "";
			targets = (
				355CCB9D1A763910001186ED /* LxPDFParser */,
				355CCBB61A763910001186ED /* LxPDFParserTests */,
			);
		};
/* End PBXProject section */

/* Begin PBXResourcesBuildPhase section */
		355CCB9C1A763910001186ED /* Resources */ = {
			isa = PBXResourcesBuildPhase;
			buildActionMask = 2147483647;
			files = (
				35471C661A92D3E3003A738B /* PDFFacilityCollectionViewCell.xib in Resources */,
				355CCBAD1A763910001186ED /* Main.storyboard in Resources */,
				357E0BBB1A7BBD3B0005B4C2 /* drawingwithquartz2d.pdf in Resources */,
				355CCBB21A763910001186ED /* LaunchScreen.xib in Resources */,
				35471C6B1A92FDBB003A738B /* CatalogueNodeCell.xib in Resources */,
				35471C601A92D38F003A738B /* ic_drawer_creation_notask.png in Resources */,
				35471C701A933E95003A738B /* CatalogueTableViewController.xib in Resources */,
				35471C611A92D38F003A738B /* ic_drawer_creation_notask@2x.png in Resources */,
				355CCBAF1A763910001186ED /* Images.xcassets in Resources */,
				35471C5A1A92CC39003A738B /* PDFCollectionViewController.xib in Resources */,
			);
			runOnlyForDeploymentPostprocessing = 0;
		};
		355CCBB51A763910001186ED /* Resources */ = {
			isa = PBXResourcesBuildPhase;
			buildActionMask = 2147483647;
			files = (
			);
			runOnlyForDeploymentPostprocessing = 0;
		};
/* End PBXResourcesBuildPhase section */

/* Begin PBXSourcesBuildPhase section */
		355CCB9A1A763910001186ED /* Sources */ = {
			isa = PBXSourcesBuildPhase;
			buildActionMask = 2147483647;
			files = (
				35471C651A92D3E3003A738B /* PDFFacilityCollectionViewCell.m in Sources */,
				355CCBAA1A763910001186ED /* ViewController.m in Sources */,
				355CCBCC1A7639BD001186ED /* PDFNodeDisplayCell.m in Sources */,
				355CCBCD1A7639BD001186ED /* PDFTableViewController.m in Sources */,
				355CCBA71A763910001186ED /* AppDelegate.m in Sources */,
				35471C591A92CC39003A738B /* PDFCollectionViewController.m in Sources */,
				35471C6A1A92FDBB003A738B /* CatalogueNodeCell.m in Sources */,
				355CCBA41A763910001186ED /* main.m in Sources */,
				35C2E3171A7665A9007C1C1A /* LxPDFParser.m in Sources */,
				35471C6F1A933E95003A738B /* CatalogueTableViewController.m in Sources */,
				35471C741A935DE5003A738B /* PDFBrowserViewController.m in Sources */,
			);
			runOnlyForDeploymentPostprocessing = 0;
		};
		355CCBB31A763910001186ED /* Sources */ = {
			isa = PBXSourcesBuildPhase;
			buildActionMask = 2147483647;
			files = (
				355CCBBE1A763910001186ED /* LxPDFParserTests.m in Sources */,
			);
			runOnlyForDeploymentPostprocessing = 0;
		};
/* End PBXSourcesBuildPhase section */

/* Begin PBXTargetDependency section */
		355CCBB91A763910001186ED /* PBXTargetDependency */ = {
			isa = PBXTargetDependency;
			target = 355CCB9D1A763910001186ED /* LxPDFParser */;
			targetProxy = 355CCBB81A763910001186ED /* PBXContainerItemProxy */;
		};
/* End PBXTargetDependency section */

/* Begin PBXVariantGroup section */
		355CCBAB1A763910001186ED /* Main.storyboard */ = {
			isa = PBXVariantGroup;
			children = (
				355CCBAC1A763910001186ED /* Base */,
			);
			name = Main.storyboard;
			sourceTree = "<group>";
		};
		355CCBB01A763910001186ED /* LaunchScreen.xib */ = {
			isa = PBXVariantGroup;
			children = (
				355CCBB11A763910001186ED /* Base */,
			);
			name = LaunchScreen.xib;
			sourceTree = "<group>";
		};
/* End PBXVariantGroup section */

/* Begin XCBuildConfiguration section */
		355CCBBF1A763910001186ED /* Debug */ = {
			isa = XCBuildConfiguration;
			buildSettings = {
				ALWAYS_SEARCH_USER_PATHS = NO;
				CLANG_CXX_LANGUAGE_STANDARD = "gnu++0x";
				CLANG_CXX_LIBRARY = "libc++";
				CLANG_ENABLE_MODULES = YES;
				CLANG_ENABLE_OBJC_ARC = YES;
				CLANG_WARN_BOOL_CONVERSION = YES;
				CLANG_WARN_CONSTANT_CONVERSION = YES;
				CLANG_WARN_DIRECT_OBJC_ISA_USAGE = YES_ERROR;
				CLANG_WARN_EMPTY_BODY = YES;
				CLANG_WARN_ENUM_CONVERSION = YES;
				CLANG_WARN_INT_CONVERSION = YES;
				CLANG_WARN_OBJC_ROOT_CLASS = YES_ERROR;
				CLANG_WARN_UNREACHABLE_CODE = YES;
				CLANG_WARN__DUPLICATE_METHOD_MATCH = YES;
				"CODE_SIGN_IDENTITY[sdk=iphoneos*]" = "iPhone Developer";
				COPY_PHASE_STRIP = NO;
				ENABLE_STRICT_OBJC_MSGSEND = YES;
				GCC_C_LANGUAGE_STANDARD = gnu99;
				GCC_DYNAMIC_NO_PIC = NO;
				GCC_OPTIMIZATION_LEVEL = 0;
				GCC_PREPROCESSOR_DEFINITIONS = (
					"DEBUG=1",
					"$(inherited)",
				);
				GCC_SYMBOLS_PRIVATE_EXTERN = NO;
				GCC_WARN_64_TO_32_BIT_CONVERSION = YES;
				GCC_WARN_ABOUT_RETURN_TYPE = YES_ERROR;
				GCC_WARN_UNDECLARED_SELECTOR = YES;
				GCC_WARN_UNINITIALIZED_AUTOS = YES_AGGRESSIVE;
				GCC_WARN_UNUSED_FUNCTION = YES;
				GCC_WARN_UNUSED_VARIABLE = YES;
				IPHONEOS_DEPLOYMENT_TARGET = 7.0;
				MTL_ENABLE_DEBUG_INFO = YES;
				ONLY_ACTIVE_ARCH = YES;
				SDKROOT = iphoneos;
				TARGETED_DEVICE_FAMILY = "1,2";
			};
			name = Debug;
		};
		355CCBC01A763910001186ED /* Release */ = {
			isa = XCBuildConfiguration;
			buildSettings = {
				ALWAYS_SEARCH_USER_PATHS = NO;
				CLANG_CXX_LANGUAGE_STANDARD = "gnu++0x";
				CLANG_CXX_LIBRARY = "libc++";
				CLANG_ENABLE_MODULES = YES;
				CLANG_ENABLE_OBJC_ARC = YES;
				CLANG_WARN_BOOL_CONVERSION = YES;
				CLANG_WARN_CONSTANT_CONVERSION = YES;
				CLANG_WARN_DIRECT_OBJC_ISA_USAGE = YES_ERROR;
				CLANG_WARN_EMPTY_BODY = YES;
				CLANG_WARN_ENUM_CONVERSION = YES;
				CLANG_WARN_INT_CONVERSION = YES;
				CLANG_WARN_OBJC_ROOT_CLASS = YES_ERROR;
				CLANG_WARN_UNREACHABLE_CODE = YES;
				CLANG_WARN__DUPLICATE_METHOD_MATCH = YES;
				"CODE_SIGN_IDENTITY[sdk=iphoneos*]" = "iPhone Developer";
				COPY_PHASE_STRIP = YES;
				ENABLE_NS_ASSERTIONS = NO;
				ENABLE_STRICT_OBJC_MSGSEND = YES;
				GCC_C_LANGUAGE_STANDARD = gnu99;
				GCC_WARN_64_TO_32_BIT_CONVERSION = YES;
				GCC_WARN_ABOUT_RETURN_TYPE = YES_ERROR;
				GCC_WARN_UNDECLARED_SELECTOR = YES;
				GCC_WARN_UNINITIALIZED_AUTOS = YES_AGGRESSIVE;
				GCC_WARN_UNUSED_FUNCTION = YES;
				GCC_WARN_UNUSED_VARIABLE = YES;
				IPHONEOS_DEPLOYMENT_TARGET = 7.0;
				MTL_ENABLE_DEBUG_INFO = NO;
				SDKROOT = iphoneos;
				TARGETED_DEVICE_FAMILY = "1,2";
				VALIDATE_PRODUCT = YES;
			};
			name = Release;
		};
		355CCBC21A763910001186ED /* Debug */ = {
			isa = XCBuildConfiguration;
			buildSettings = {
				ASSETCATALOG_COMPILER_APPICON_NAME = AppIcon;
				INFOPLIST_FILE = LxPDFParser/Info.plist;
				IPHONEOS_DEPLOYMENT_TARGET = 7.0;
				LD_RUNPATH_SEARCH_PATHS = "$(inherited) @executable_path/Frameworks";
				PRODUCT_NAME = "$(TARGET_NAME)";
			};
			name = Debug;
		};
		355CCBC31A763910001186ED /* Release */ = {
			isa = XCBuildConfiguration;
			buildSettings = {
				ASSETCATALOG_COMPILER_APPICON_NAME = AppIcon;
				INFOPLIST_FILE = LxPDFParser/Info.plist;
				IPHONEOS_DEPLOYMENT_TARGET = 7.0;
				LD_RUNPATH_SEARCH_PATHS = "$(inherited) @executable_path/Frameworks";
				PRODUCT_NAME = "$(TARGET_NAME)";
			};
			name = Release;
		};
		355CCBC51A763910001186ED /* Debug */ = {
			isa = XCBuildConfiguration;
			buildSettings = {
				BUNDLE_LOADER = "$(TEST_HOST)";
				FRAMEWORK_SEARCH_PATHS = (
					"$(SDKROOT)/Developer/Library/Frameworks",
					"$(inherited)",
				);
				GCC_PREPROCESSOR_DEFINITIONS = (
					"DEBUG=1",
					"$(inherited)",
				);
				INFOPLIST_FILE = LxPDFParserTests/Info.plist;
				LD_RUNPATH_SEARCH_PATHS = "$(inherited) @executable_path/Frameworks @loader_path/Frameworks";
				PRODUCT_NAME = "$(TARGET_NAME)";
				TEST_HOST = "$(BUILT_PRODUCTS_DIR)/LxPDFParser.app/LxPDFParser";
			};
			name = Debug;
		};
		355CCBC61A763910001186ED /* Release */ = {
			isa = XCBuildConfiguration;
			buildSettings = {
				BUNDLE_LOADER = "$(TEST_HOST)";
				FRAMEWORK_SEARCH_PATHS = (
					"$(SDKROOT)/Developer/Library/Frameworks",
					"$(inherited)",
				);
				INFOPLIST_FILE = LxPDFParserTests/Info.plist;
				LD_RUNPATH_SEARCH_PATHS = "$(inherited) @executable_path/Frameworks @loader_path/Frameworks";
				PRODUCT_NAME = "$(TARGET_NAME)";
				TEST_HOST = "$(BUILT_PRODUCTS_DIR)/LxPDFParser.app/LxPDFParser";
			};
			name = Release;
		};
/* End XCBuildConfiguration section */

/* Begin XCConfigurationList section */
		355CCB991A763910001186ED /* Build configuration list for PBXProject "LxPDFParser" */ = {
			isa = XCConfigurationList;
			buildConfigurations = (
				355CCBBF1A763910001186ED /* Debug */,
				355CCBC01A763910001186ED /* Release */,
			);
			defaultConfigurationIsVisible = 0;
			defaultConfigurationName = Release;
		};
		355CCBC11A763910001186ED /* Build configuration list for PBXNativeTarget "LxPDFParser" */ = {
			isa = XCConfigurationList;
			buildConfigurations = (
				355CCBC21A763910001186ED /* Debug */,
				355CCBC31A763910001186ED /* Release */,
			);
			defaultConfigurationIsVisible = 0;
			defaultConfigurationName = Release;
		};
		355CCBC41A763910001186ED /* Build configuration list for PBXNativeTarget "LxPDFParserTests" */ = {
			isa = XCConfigurationList;
			buildConfigurations = (
				355CCBC51A763910001186ED /* Debug */,
				355CCBC61A763910001186ED /* Release */,
			);
			defaultConfigurationIsVisible = 0;
			defaultConfigurationName = Release;
		};
/* End XCConfigurationList section */
	};
	rootObject = 355CCB961A763910001186ED /* Project object */;
}
